Microsoft Visual Studio Solution File, Format Version 11.00
# Visual Studio 2008

Project("{59D4AF95-06D7-344D-BD38-B366C7321A4F}") = "maze-generation", "Assembly-CSharp-firstpass.csproj", "{BB6BF375-FBAD-D10A-8076-AD56CD02AF89}"
EndProject
Project("{59D4AF95-06D7-344D-BD38-B366C7321A4F}") = "maze-generation", "Assembly-CSharp.csproj", "{3D393D0F-0D5E-CA95-DCAA-3AA3314BEC35}"
EndProject
Project("{59D4AF95-06D7-344D-BD38-B366C7321A4F}") = "maze-generation", "Assembly-UnityScript-firstpass.unityproj", "{15669A15-160A-9B52-520A-153025C8D6E9}"
EndProject
Global
	GlobalSection(SolutionConfigurationPlatforms) = preSolution
		Debug|Any CPU = Debug|Any CPU
		Release|Any CPU = Release|Any CPU
	EndGlobalSection
	GlobalSection(ProjectConfigurationPlatforms) = postSolution
		{BB6BF375-FBAD-D10A-8076-AD56CD02AF89}.Debug|Any CPU.ActiveCfg = Debug|Any CPU
		{BB6BF375-FBAD-D10A-8076-AD56CD02AF89}.Debug|Any CPU.Build.0 = Debug|Any CPU
		{BB6BF375-FBAD-D10A-8076-AD56CD02AF89}.Release|Any CPU.ActiveCfg = Release|Any CPU
		{BB6BF375-FBAD-D10A-8076-AD56CD02AF89}.Release|Any CPU.Build.0 = Release|Any CPU
		{3D393D0F-0D5E-CA95-DCAA-3AA3314BEC35}.Debug|Any CPU.ActiveCfg = Debug|Any CPU
		{3D393D0F-0D5E-CA95-DCAA-3AA3314BEC35}.Debug|Any CPU.Build.0 = Debug|Any CPU
		{3D393D0F-0D5E-CA95-DCAA-3AA3314BEC35}.Release|Any CPU.ActiveCfg = Release|Any CPU
		{3D393D0F-0D5E-CA95-DCAA-3AA3314BEC35}.Release|Any CPU.Build.0 = Release|Any CPU
		{15669A15-160A-9B52-520A-153025C8D6E9}.Debug|Any CPU.ActiveCfg = Debug|Any CPU
		{15669A15-160A-9B52-520A-153025C8D6E9}.Debug|Any CPU.Build.0 = Debug|Any CPU
		{15669A15-160A-9B52-520A-153025C8D6E9}.Release|Any CPU.ActiveCfg = Release|Any CPU
		{15669A15-160A-9B52-520A-153025C8D6E9}.Release|Any CPU.Build.0 = Release|Any CPU
	EndGlobalSection
	GlobalSection(SolutionProperties) = preSolution
		HideSolutionNode = FALSE
	EndGlobalSection
																												GlobalSection(MonoDevelopProperties) = preSolution
		StartupItem = Assembly-CSharp.csproj
		Policies = $0
		$0.TextStylePolicy = $1
		$1.inheritsSet = null
		$1.scope = text/x-csharp
		$0.CSharpFormattingPolicy = $2
		$2.inheritsSet = Mono
		$2.inheritsScope = text/x-csharp
		$2.scope = text/x-csharp
		$0.TextStylePolicy = $3
		$3.FileWidth = 120
		$3.TabWidth = 4
		$3.EolMarker = Unix
		$3.inheritsSet = Mono
		$3.inheritsScope = text/plain
		$3.scope = text/plain
	EndGlobalSection

EndGlobal
